
Microsoft Visual Studio Solution File, Format Version 12.00
# Visual Studio Version 17
VisualStudioVersion = 17.13.35825.156 d17.13
MinimumVisualStudioVersion = 10.0.40219.1
Project("{FAE04EC0-301F-11D3-BF4B-00C04F79EFBC}") = "PetProfileApp", "PetProfileApp.csproj", "{20BBC95D-3739-3D7C-822D-82E6B3A73867}"
EndProject
Global
	GlobalSection(SolutionConfigurationPlatforms) = preSolution
		Debug|Any CPU = Debug|Any CPU
		Release|Any CPU = Release|Any CPU
	EndGlobalSection
	GlobalSection(ProjectConfigurationPlatforms) = postSolution
		{20BBC95D-3739-3D7C-822D-82E6B3A73867}.Debug|Any CPU.ActiveCfg = Debug|Any CPU
		{20BBC95D-3739-3D7C-822D-82E6B3A73867}.Debug|Any CPU.Build.0 = Debug|Any CPU
		{20BBC95D-3739-3D7C-822D-82E6B3A73867}.Release|Any CPU.ActiveCfg = Release|Any CPU
		{20BBC95D-3739-3D7C-822D-82E6B3A73867}.Release|Any CPU.Build.0 = Release|Any CPU
	EndGlobalSection
	GlobalSection(SolutionProperties) = preSolution
		HideSolutionNode = FALSE
	EndGlobalSection
	GlobalSection(ExtensibilityGlobals) = postSolution
		SolutionGuid = {0228BA44-27EE-448F-9305-3F5CE3C6B2E6}
	EndGlobalSection
EndGlobal
